
Microsoft Visual Studio Solution File, Format Version 12.00
# Visual Studio Version 16
VisualStudioVersion = 16.0.28803.202
MinimumVisualStudioVersion = 10.0.40219.1
Project("{FAE04EC0-301F-11D3-BF4B-00C04F79EFBC}") = "Riot", "Riot.csproj", "{0D9DA522-EF94-4914-9287-4936FD3B36E8}"
EndProject
Global
	GlobalSection(SolutionConfigurationPlatforms) = preSolution
		Debug|Any CPU = Debug|Any CPU
		Release|Any CPU = Release|Any CPU
	EndGlobalSection
	GlobalSection(ProjectConfigurationPlatforms) = postSolution
		{0D9DA522-EF94-4914-9287-4936FD3B36E8}.Debug|Any CPU.ActiveCfg = Debug|Any CPU
		{0D9DA522-EF94-4914-9287-4936FD3B36E8}.Debug|Any CPU.Build.0 = Debug|Any CPU
		{0D9DA522-EF94-4914-9287-4936FD3B36E8}.Release|Any CPU.ActiveCfg = Release|Any CPU
		{0D9DA522-EF94-4914-9287-4936FD3B36E8}.Release|Any CPU.Build.0 = Release|Any CPU
	EndGlobalSection
	GlobalSection(SolutionProperties) = preSolution
		HideSolutionNode = FALSE
	EndGlobalSection
	GlobalSection(ExtensibilityGlobals) = postSolution
		SolutionGuid = {235944CF-0E93-446C-A690-CC27046DF22A}
	EndGlobalSection
EndGlobal
